
Microsoft Visual Studio Solution File, Format Version 12.00
# Visual Studio Version 17
VisualStudioVersion = 17.1.32414.318
MinimumVisualStudioVersion = 10.0.40219.1
Project("{9A19103F-16F7-4668-BE54-9A1E7A4F7556}") = "TradeKit", "TradeKit\TradeKit.csproj", "{3596B743-3700-4ACF-9A0F-08820B480453}"
EndProject
Project("{9A19103F-16F7-4668-BE54-9A1E7A4F7556}") = "SignalCheckerBot", "SignalCheckerBot\SignalCheckerBot.csproj", "{5C3C8B40-C560-479A-ADA8-6E45AF7D5C0D}"
EndProject
Project("{9A19103F-16F7-4668-BE54-9A1E7A4F7556}") = "SignalsCheckIndicator", "SignalsCheckIndicator\SignalsCheckIndicator.csproj", "{4D107395-2375-4C5F-ACDB-C5B1F8A8BECA}"
EndProject
Project("{9A19103F-16F7-4668-BE54-9A1E7A4F7556}") = "ImpulseFinderIndicator", "ImpulseFinderIndicator\ImpulseFinderIndicator.csproj", "{570DEE8F-0033-4BA1-A3C3-18A6C011A62B}"
EndProject
Project("{9A19103F-16F7-4668-BE54-9A1E7A4F7556}") = "ImpulseSignalerBot", "ImpulseSignalerBot\ImpulseSignalerBot.csproj", "{BD957EEA-0686-4025-8395-83005AA874A9}"
EndProject
Project("{9A19103F-16F7-4668-BE54-9A1E7A4F7556}") = "RateSignalerBot", "RateSignalerBot\RateSignalerBot.csproj", "{7CC820C1-5822-43AC-B07A-AAC053576963}"
EndProject
Project("{9A19103F-16F7-4668-BE54-9A1E7A4F7556}") = "SignalForwarder", "SignalForwarder\SignalForwarder.csproj", "{333881F5-B7C4-4EA6-B2C3-2EB4D7558DD6}"
EndProject
Project("{9A19103F-16F7-4668-BE54-9A1E7A4F7556}") = "GartleyFinderIndicator", "GartleyFinderIndicator\GartleyFinderIndicator.csproj", "{6D08FCB0-2173-4293-86CD-74397C7A22FA}"
EndProject
Project("{9A19103F-16F7-4668-BE54-9A1E7A4F7556}") = "GartleySignalerBot", "GartleySignalerBot\GartleySignalerBot.csproj", "{F31F6C88-C29C-4A69-94C3-AB003B84DBAE}"
EndProject
Project("{9A19103F-16F7-4668-BE54-9A1E7A4F7556}") = "PriceActionIndicator", "PriceActionIndicator\PriceActionIndicator.csproj", "{D6736E3D-160E-4B2B-B02E-5069CDD7B098}"
EndProject
Project("{FAE04EC0-301F-11D3-BF4B-00C04F79EFBC}") = "PriceActionSignalerBot", "PriceActionSignalerBot\PriceActionSignalerBot.csproj", "{0D4FA73E-7BB7-4CC9-957E-7E7802DB73A5}"
EndProject
Global
	GlobalSection(SolutionConfigurationPlatforms) = preSolution
		Debug|Any CPU = Debug|Any CPU
		Release|Any CPU = Release|Any CPU
	EndGlobalSection
	GlobalSection(ProjectConfigurationPlatforms) = postSolution
		{3596B743-3700-4ACF-9A0F-08820B480453}.Debug|Any CPU.ActiveCfg = Debug|Any CPU
		{3596B743-3700-4ACF-9A0F-08820B480453}.Debug|Any CPU.Build.0 = Debug|Any CPU
		{3596B743-3700-4ACF-9A0F-08820B480453}.Release|Any CPU.ActiveCfg = Release|Any CPU
		{3596B743-3700-4ACF-9A0F-08820B480453}.Release|Any CPU.Build.0 = Release|Any CPU
		{5C3C8B40-C560-479A-ADA8-6E45AF7D5C0D}.Debug|Any CPU.ActiveCfg = Debug|Any CPU
		{5C3C8B40-C560-479A-ADA8-6E45AF7D5C0D}.Debug|Any CPU.Build.0 = Debug|Any CPU
		{5C3C8B40-C560-479A-ADA8-6E45AF7D5C0D}.Release|Any CPU.ActiveCfg = Release|Any CPU
		{5C3C8B40-C560-479A-ADA8-6E45AF7D5C0D}.Release|Any CPU.Build.0 = Release|Any CPU
		{4D107395-2375-4C5F-ACDB-C5B1F8A8BECA}.Debug|Any CPU.ActiveCfg = Debug|Any CPU
		{4D107395-2375-4C5F-ACDB-C5B1F8A8BECA}.Debug|Any CPU.Build.0 = Debug|Any CPU
		{4D107395-2375-4C5F-ACDB-C5B1F8A8BECA}.Release|Any CPU.ActiveCfg = Release|Any CPU
		{4D107395-2375-4C5F-ACDB-C5B1F8A8BECA}.Release|Any CPU.Build.0 = Release|Any CPU
		{570DEE8F-0033-4BA1-A3C3-18A6C011A62B}.Debug|Any CPU.ActiveCfg = Debug|Any CPU
		{570DEE8F-0033-4BA1-A3C3-18A6C011A62B}.Debug|Any CPU.Build.0 = Debug|Any CPU
		{570DEE8F-0033-4BA1-A3C3-18A6C011A62B}.Release|Any CPU.ActiveCfg = Release|Any CPU
		{570DEE8F-0033-4BA1-A3C3-18A6C011A62B}.Release|Any CPU.Build.0 = Release|Any CPU
		{BD957EEA-0686-4025-8395-83005AA874A9}.Debug|Any CPU.ActiveCfg = Debug|Any CPU
		{BD957EEA-0686-4025-8395-83005AA874A9}.Debug|Any CPU.Build.0 = Debug|Any CPU
		{BD957EEA-0686-4025-8395-83005AA874A9}.Release|Any CPU.ActiveCfg = Release|Any CPU
		{BD957EEA-0686-4025-8395-83005AA874A9}.Release|Any CPU.Build.0 = Release|Any CPU
		{7CC820C1-5822-43AC-B07A-AAC053576963}.Debug|Any CPU.ActiveCfg = Debug|Any CPU
		{7CC820C1-5822-43AC-B07A-AAC053576963}.Debug|Any CPU.Build.0 = Debug|Any CPU
		{7CC820C1-5822-43AC-B07A-AAC053576963}.Release|Any CPU.ActiveCfg = Release|Any CPU
		{7CC820C1-5822-43AC-B07A-AAC053576963}.Release|Any CPU.Build.0 = Release|Any CPU
		{333881F5-B7C4-4EA6-B2C3-2EB4D7558DD6}.Debug|Any CPU.ActiveCfg = Debug|Any CPU
		{333881F5-B7C4-4EA6-B2C3-2EB4D7558DD6}.Debug|Any CPU.Build.0 = Debug|Any CPU
		{333881F5-B7C4-4EA6-B2C3-2EB4D7558DD6}.Release|Any CPU.ActiveCfg = Release|Any CPU
		{333881F5-B7C4-4EA6-B2C3-2EB4D7558DD6}.Release|Any CPU.Build.0 = Release|Any CPU
		{6D08FCB0-2173-4293-86CD-74397C7A22FA}.Debug|Any CPU.ActiveCfg = Debug|Any CPU
		{6D08FCB0-2173-4293-86CD-74397C7A22FA}.Debug|Any CPU.Build.0 = Debug|Any CPU
		{6D08FCB0-2173-4293-86CD-74397C7A22FA}.Release|Any CPU.ActiveCfg = Release|Any CPU
		{6D08FCB0-2173-4293-86CD-74397C7A22FA}.Release|Any CPU.Build.0 = Release|Any CPU
		{F31F6C88-C29C-4A69-94C3-AB003B84DBAE}.Debug|Any CPU.ActiveCfg = Debug|Any CPU
		{F31F6C88-C29C-4A69-94C3-AB003B84DBAE}.Debug|Any CPU.Build.0 = Debug|Any CPU
		{F31F6C88-C29C-4A69-94C3-AB003B84DBAE}.Release|Any CPU.ActiveCfg = Release|Any CPU
		{F31F6C88-C29C-4A69-94C3-AB003B84DBAE}.Release|Any CPU.Build.0 = Release|Any CPU
		{D6736E3D-160E-4B2B-B02E-5069CDD7B098}.Debug|Any CPU.ActiveCfg = Debug|Any CPU
		{D6736E3D-160E-4B2B-B02E-5069CDD7B098}.Debug|Any CPU.Build.0 = Debug|Any CPU
		{D6736E3D-160E-4B2B-B02E-5069CDD7B098}.Release|Any CPU.ActiveCfg = Release|Any CPU
		{D6736E3D-160E-4B2B-B02E-5069CDD7B098}.Release|Any CPU.Build.0 = Release|Any CPU
		{0D4FA73E-7BB7-4CC9-957E-7E7802DB73A5}.Debug|Any CPU.ActiveCfg = Debug|Any CPU
		{0D4FA73E-7BB7-4CC9-957E-7E7802DB73A5}.Debug|Any CPU.Build.0 = Debug|Any CPU
		{0D4FA73E-7BB7-4CC9-957E-7E7802DB73A5}.Release|Any CPU.ActiveCfg = Release|Any CPU
		{0D4FA73E-7BB7-4CC9-957E-7E7802DB73A5}.Release|Any CPU.Build.0 = Release|Any CPU
	EndGlobalSection
	GlobalSection(SolutionProperties) = preSolution
		HideSolutionNode = FALSE
	EndGlobalSection
	GlobalSection(ExtensibilityGlobals) = postSolution
		SolutionGuid = {767DAF0E-FCCA-4537-8725-43B861B1E2E2}
	EndGlobalSection
EndGlobal
